
Microsoft Visual Studio Solution File, Format Version 12.00
# Visual Studio Version 17
VisualStudioVersion = 17.0.31903.59
MinimumVisualStudioVersion = 10.0.40219.1
Project("{FAE04EC0-301F-11D3-BF4B-00C04F79EFBC}") = "API", "Firebrand.Blog.IAsyncEnumerableVsIEnumerable\API.csproj", "{3CF20380-3B94-464D-9232-E0FAC0A3A0C9}"
EndProject
Project("{FAE04EC0-301F-11D3-BF4B-00C04F79EFBC}") = "Client", "Client\Client.csproj", "{45C73AE5-F8E5-47B8-BBEC-590120FD4C6C}"
EndProject
Project("{FAE04EC0-301F-11D3-BF4B-00C04F79EFBC}") = "Shared", "Shared\Shared.csproj", "{287C6A09-324C-4856-9ECC-25202ED0470B}"
EndProject
Global
	GlobalSection(SolutionConfigurationPlatforms) = preSolution
		Debug|Any CPU = Debug|Any CPU
		Release|Any CPU = Release|Any CPU
	EndGlobalSection
	GlobalSection(ProjectConfigurationPlatforms) = postSolution
		{3CF20380-3B94-464D-9232-E0FAC0A3A0C9}.Debug|Any CPU.ActiveCfg = Debug|Any CPU
		{3CF20380-3B94-464D-9232-E0FAC0A3A0C9}.Debug|Any CPU.Build.0 = Debug|Any CPU
		{3CF20380-3B94-464D-9232-E0FAC0A3A0C9}.Release|Any CPU.ActiveCfg = Release|Any CPU
		{3CF20380-3B94-464D-9232-E0FAC0A3A0C9}.Release|Any CPU.Build.0 = Release|Any CPU
		{45C73AE5-F8E5-47B8-BBEC-590120FD4C6C}.Debug|Any CPU.ActiveCfg = Debug|Any CPU
		{45C73AE5-F8E5-47B8-BBEC-590120FD4C6C}.Debug|Any CPU.Build.0 = Debug|Any CPU
		{45C73AE5-F8E5-47B8-BBEC-590120FD4C6C}.Release|Any CPU.ActiveCfg = Release|Any CPU
		{45C73AE5-F8E5-47B8-BBEC-590120FD4C6C}.Release|Any CPU.Build.0 = Release|Any CPU
		{287C6A09-324C-4856-9ECC-25202ED0470B}.Debug|Any CPU.ActiveCfg = Debug|Any CPU
		{287C6A09-324C-4856-9ECC-25202ED0470B}.Debug|Any CPU.Build.0 = Debug|Any CPU
		{287C6A09-324C-4856-9ECC-25202ED0470B}.Release|Any CPU.ActiveCfg = Release|Any CPU
		{287C6A09-324C-4856-9ECC-25202ED0470B}.Release|Any CPU.Build.0 = Release|Any CPU
	EndGlobalSection
	GlobalSection(SolutionProperties) = preSolution
		HideSolutionNode = FALSE
	EndGlobalSection
	GlobalSection(ExtensibilityGlobals) = postSolution
		SolutionGuid = {0EF6C473-59B9-4D6F-86E2-9C38A5EFA732}
	EndGlobalSection
EndGlobal
